
Microsoft Visual Studio Solution File, Format Version 12.00
# Visual Studio Version 16
VisualStudioVersion = 16.0.30611.23
MinimumVisualStudioVersion = 10.0.40219.1
Project("{FAE04EC0-301F-11D3-BF4B-00C04F79EFBC}") = "PersonnelForm", "PersonnelForm\PersonnelForm.csproj", "{7965C264-F92C-4184-8DD7-758F8BCD0A14}"
EndProject
Project("{9A19103F-16F7-4668-BE54-9A1E7A4F7556}") = "PersonnelLibrary", "..\PersonnelConsole\PersonnelLibrary\PersonnelLibrary.csproj", "{42E0C9DC-952A-4561-AAB0-2E524F4022F0}"
EndProject
Global
	GlobalSection(SolutionConfigurationPlatforms) = preSolution
		Debug|Any CPU = Debug|Any CPU
		Release|Any CPU = Release|Any CPU
	EndGlobalSection
	GlobalSection(ProjectConfigurationPlatforms) = postSolution
		{7965C264-F92C-4184-8DD7-758F8BCD0A14}.Debug|Any CPU.ActiveCfg = Debug|Any CPU
		{7965C264-F92C-4184-8DD7-758F8BCD0A14}.Debug|Any CPU.Build.0 = Debug|Any CPU
		{7965C264-F92C-4184-8DD7-758F8BCD0A14}.Release|Any CPU.ActiveCfg = Release|Any CPU
		{7965C264-F92C-4184-8DD7-758F8BCD0A14}.Release|Any CPU.Build.0 = Release|Any CPU
		{42E0C9DC-952A-4561-AAB0-2E524F4022F0}.Debug|Any CPU.ActiveCfg = Debug|Any CPU
		{42E0C9DC-952A-4561-AAB0-2E524F4022F0}.Debug|Any CPU.Build.0 = Debug|Any CPU
		{42E0C9DC-952A-4561-AAB0-2E524F4022F0}.Release|Any CPU.ActiveCfg = Release|Any CPU
		{42E0C9DC-952A-4561-AAB0-2E524F4022F0}.Release|Any CPU.Build.0 = Release|Any CPU
	EndGlobalSection
	GlobalSection(SolutionProperties) = preSolution
		HideSolutionNode = FALSE
	EndGlobalSection
	GlobalSection(ExtensibilityGlobals) = postSolution
		SolutionGuid = {488DFB11-1007-4110-802C-9E255DDB05D2}
	EndGlobalSection
EndGlobal
