
Microsoft Visual Studio Solution File, Format Version 12.00
# Visual Studio Version 16
VisualStudioVersion = 16.0.30523.141
MinimumVisualStudioVersion = 10.0.40219.1
Project("{FAE04EC0-301F-11D3-BF4B-00C04F79EFBC}") = "PersonnelConsole", "PersonnelConsole\PersonnelConsole.csproj", "{5BCBE5A9-7D11-40BD-835B-FDD980AF9384}"
EndProject
Project("{FAE04EC0-301F-11D3-BF4B-00C04F79EFBC}") = "PersonnelLibrary", "PersonnelLibrary\PersonnelLibrary.csproj", "{04EF38C8-AA48-40F3-8107-8027A7385875}"
EndProject
Global
	GlobalSection(SolutionConfigurationPlatforms) = preSolution
		Debug|Any CPU = Debug|Any CPU
		Release|Any CPU = Release|Any CPU
	EndGlobalSection
	GlobalSection(ProjectConfigurationPlatforms) = postSolution
		{5BCBE5A9-7D11-40BD-835B-FDD980AF9384}.Debug|Any CPU.ActiveCfg = Debug|Any CPU
		{5BCBE5A9-7D11-40BD-835B-FDD980AF9384}.Debug|Any CPU.Build.0 = Debug|Any CPU
		{5BCBE5A9-7D11-40BD-835B-FDD980AF9384}.Release|Any CPU.ActiveCfg = Release|Any CPU
		{5BCBE5A9-7D11-40BD-835B-FDD980AF9384}.Release|Any CPU.Build.0 = Release|Any CPU
		{04EF38C8-AA48-40F3-8107-8027A7385875}.Debug|Any CPU.ActiveCfg = Debug|Any CPU
		{04EF38C8-AA48-40F3-8107-8027A7385875}.Debug|Any CPU.Build.0 = Debug|Any CPU
		{04EF38C8-AA48-40F3-8107-8027A7385875}.Release|Any CPU.ActiveCfg = Release|Any CPU
		{04EF38C8-AA48-40F3-8107-8027A7385875}.Release|Any CPU.Build.0 = Release|Any CPU
	EndGlobalSection
	GlobalSection(SolutionProperties) = preSolution
		HideSolutionNode = FALSE
	EndGlobalSection
	GlobalSection(ExtensibilityGlobals) = postSolution
		SolutionGuid = {60D93D71-EEF1-41D1-B1B1-7E61EF93F620}
	EndGlobalSection
EndGlobal
